// !$*UTF8*$!
{
	archiveVersion = 1;
	classes = {
	};
	objectVersion = 50;
	objects = {

/* Begin PBXBuildFile section */
		23DCF1C1674EB1893CE13938 /* Pods_Winsure.framework in Frameworks */ = {isa = PBXBuildFile; fileRef = 3701822A0480F2095F17D462 /* Pods_Winsure.framework */; };
		94835B1D22D61BFA00493FD1 /* ItemXib.swift in Sources */ = {isa = PBXBuildFile; fileRef = 94835B1B22D61BFA00493FD1 /* ItemXib.swift */; };
		94835B1E22D61BFA00493FD1 /* ItemXib.xib in Resources */ = {isa = PBXBuildFile; fileRef = 94835B1C22D61BFA00493FD1 /* ItemXib.xib */; };
		94835B2022D6200300493FD1 /* ItemView.swift in Sources */ = {isa = PBXBuildFile; fileRef = 94835B1F22D6200300493FD1 /* ItemView.swift */; };
		94835B2222D6355900493FD1 /* ItemCreate.swift in Sources */ = {isa = PBXBuildFile; fileRef = 94835B2122D6355900493FD1 /* ItemCreate.swift */; };
		948A5F4A22D4A79A002952B1 /* LocationCreate.swift in Sources */ = {isa = PBXBuildFile; fileRef = 948A5F4922D4A79A002952B1 /* LocationCreate.swift */; };
		948A5F4C22D4AB67002952B1 /* ItemsList.swift in Sources */ = {isa = PBXBuildFile; fileRef = 948A5F4B22D4AB67002952B1 /* ItemsList.swift */; };
		94F640E122D23485007B68E2 /* AppDelegate.swift in Sources */ = {isa = PBXBuildFile; fileRef = 94F640E022D23485007B68E2 /* AppDelegate.swift */; };
		94F640E322D23485007B68E2 /* Locations.swift in Sources */ = {isa = PBXBuildFile; fileRef = 94F640E222D23485007B68E2 /* Locations.swift */; };
		94F640E622D23485007B68E2 /* Main.storyboard in Resources */ = {isa = PBXBuildFile; fileRef = 94F640E422D23485007B68E2 /* Main.storyboard */; };
		94F640E922D23485007B68E2 /* Winsure.xcdatamodeld in Sources */ = {isa = PBXBuildFile; fileRef = 94F640E722D23485007B68E2 /* Winsure.xcdatamodeld */; };
		94F640EB22D23486007B68E2 /* Assets.xcassets in Resources */ = {isa = PBXBuildFile; fileRef = 94F640EA22D23486007B68E2 /* Assets.xcassets */; };
		94F640EE22D23486007B68E2 /* LaunchScreen.storyboard in Resources */ = {isa = PBXBuildFile; fileRef = 94F640EC22D23486007B68E2 /* LaunchScreen.storyboard */; };
		94F640F922D38B89007B68E2 /* LocationXib.swift in Sources */ = {isa = PBXBuildFile; fileRef = 94F640F722D38B89007B68E2 /* LocationXib.swift */; };
		94F640FA22D38B89007B68E2 /* LocationXib.xib in Resources */ = {isa = PBXBuildFile; fileRef = 94F640F822D38B89007B68E2 /* LocationXib.xib */; };
/* End PBXBuildFile section */

/* Begin PBXFileReference section */
		3701822A0480F2095F17D462 /* Pods_Winsure.framework */ = {isa = PBXFileReference; explicitFileType = wrapper.framework; includeInIndex = 0; path = Pods_Winsure.framework; sourceTree = BUILT_PRODUCTS_DIR; };
		94835B1B22D61BFA00493FD1 /* ItemXib.swift */ = {isa = PBXFileReference; lastKnownFileType = sourcecode.swift; path = ItemXib.swift; sourceTree = "<group>"; };
		94835B1C22D61BFA00493FD1 /* ItemXib.xib */ = {isa = PBXFileReference; lastKnownFileType = file.xib; path = ItemXib.xib; sourceTree = "<group>"; };
		94835B1F22D6200300493FD1 /* ItemView.swift */ = {isa = PBXFileReference; lastKnownFileType = sourcecode.swift; path = ItemView.swift; sourceTree = "<group>"; };
		94835B2122D6355900493FD1 /* ItemCreate.swift */ = {isa = PBXFileReference; lastKnownFileType = sourcecode.swift; path = ItemCreate.swift; sourceTree = "<group>"; };
		948A5F4922D4A79A002952B1 /* LocationCreate.swift */ = {isa = PBXFileReference; lastKnownFileType = sourcecode.swift; path = LocationCreate.swift; sourceTree = "<group>"; };
		948A5F4B22D4AB67002952B1 /* ItemsList.swift */ = {isa = PBXFileReference; lastKnownFileType = sourcecode.swift; path = ItemsList.swift; sourceTree = "<group>"; };
		94F640DD22D23485007B68E2 /* Winsure.app */ = {isa = PBXFileReference; explicitFileType = wrapper.application; includeInIndex = 0; path = Winsure.app; sourceTree = BUILT_PRODUCTS_DIR; };
		94F640E022D23485007B68E2 /* AppDelegate.swift */ = {isa = PBXFileReference; lastKnownFileType = sourcecode.swift; path = AppDelegate.swift; sourceTree = "<group>"; };
		94F640E222D23485007B68E2 /* Locations.swift */ = {isa = PBXFileReference; lastKnownFileType = sourcecode.swift; path = Locations.swift; sourceTree = "<group>"; };
		94F640E522D23485007B68E2 /* Base */ = {isa = PBXFileReference; lastKnownFileType = file.storyboard; name = Base; path = Base.lproj/Main.storyboard; sourceTree = "<group>"; };
		94F640E822D23485007B68E2 /* Winsure.xcdatamodel */ = {isa = PBXFileReference; lastKnownFileType = wrapper.xcdatamodel; path = Winsure.xcdatamodel; sourceTree = "<group>"; };
		94F640EA22D23486007B68E2 /* Assets.xcassets */ = {isa = PBXFileReference; lastKnownFileType = folder.assetcatalog; path = Assets.xcassets; sourceTree = "<group>"; };
		94F640ED22D23486007B68E2 /* Base */ = {isa = PBXFileReference; lastKnownFileType = file.storyboard; name = Base; path = Base.lproj/LaunchScreen.storyboard; sourceTree = "<group>"; };
		94F640EF22D23486007B68E2 /* Info.plist */ = {isa = PBXFileReference; lastKnownFileType = text.plist.xml; path = Info.plist; sourceTree = "<group>"; };
		94F640F722D38B89007B68E2 /* LocationXib.swift */ = {isa = PBXFileReference; lastKnownFileType = sourcecode.swift; path = LocationXib.swift; sourceTree = "<group>"; };
		94F640F822D38B89007B68E2 /* LocationXib.xib */ = {isa = PBXFileReference; lastKnownFileType = file.xib; path = LocationXib.xib; sourceTree = "<group>"; };
		9C6DC13A25F159C1F73F003B /* Pods-Winsure.debug.xcconfig */ = {isa = PBXFileReference; includeInIndex = 1; lastKnownFileType = text.xcconfig; name = "Pods-Winsure.debug.xcconfig"; path = "Target Support Files/Pods-Winsure/Pods-Winsure.debug.xcconfig"; sourceTree = "<group>"; };
		CC9F0F1F842D9284EB3CEE7D /* Pods-Winsure.release.xcconfig */ = {isa = PBXFileReference; includeInIndex = 1; lastKnownFileType = text.xcconfig; name = "Pods-Winsure.release.xcconfig"; path = "Target Support Files/Pods-Winsure/Pods-Winsure.release.xcconfig"; sourceTree = "<group>"; };
/* End PBXFileReference section */

/* Begin PBXFrameworksBuildPhase section */
		94F640DA22D23485007B68E2 /* Frameworks */ = {
			isa = PBXFrameworksBuildPhase;
			buildActionMask = 2147483647;
			files = (
				23DCF1C1674EB1893CE13938 /* Pods_Winsure.framework in Frameworks */,
			);
			runOnlyForDeploymentPostprocessing = 0;
		};
/* End PBXFrameworksBuildPhase section */

/* Begin PBXGroup section */
		94F640D422D23485007B68E2 = {
			isa = PBXGroup;
			children = (
				94F640DF22D23485007B68E2 /* Winsure */,
				94F640DE22D23485007B68E2 /* Products */,
				CB77F97FDB707C32FFB26C91 /* Pods */,
				AF199F9F68D4D63D5ABEA703 /* Frameworks */,
			);
			sourceTree = "<group>";
		};
		94F640DE22D23485007B68E2 /* Products */ = {
			isa = PBXGroup;
			children = (
				94F640DD22D23485007B68E2 /* Winsure.app */,
			);
			name = Products;
			sourceTree = "<group>";
		};
		94F640DF22D23485007B68E2 /* Winsure */ = {
			isa = PBXGroup;
			children = (
				94F640F622D38B19007B68E2 /* Xib files */,
				94F640F522D38ACD007B68E2 /* Class Files */,
				94F640E022D23485007B68E2 /* AppDelegate.swift */,
				94F640E422D23485007B68E2 /* Main.storyboard */,
				94F640EA22D23486007B68E2 /* Assets.xcassets */,
				94F640EC22D23486007B68E2 /* LaunchScreen.storyboard */,
				94F640EF22D23486007B68E2 /* Info.plist */,
				94F640E722D23485007B68E2 /* Winsure.xcdatamodeld */,
			);
			path = Winsure;
			sourceTree = "<group>";
		};
		94F640F522D38ACD007B68E2 /* Class Files */ = {
			isa = PBXGroup;
			children = (
				94F640E222D23485007B68E2 /* Locations.swift */,
				948A5F4922D4A79A002952B1 /* LocationCreate.swift */,
				948A5F4B22D4AB67002952B1 /* ItemsList.swift */,
				94835B1F22D6200300493FD1 /* ItemView.swift */,
				94835B2122D6355900493FD1 /* ItemCreate.swift */,
			);
			path = "Class Files";
			sourceTree = "<group>";
		};
		94F640F622D38B19007B68E2 /* Xib files */ = {
			isa = PBXGroup;
			children = (
				94F640F722D38B89007B68E2 /* LocationXib.swift */,
				94F640F822D38B89007B68E2 /* LocationXib.xib */,
				94835B1B22D61BFA00493FD1 /* ItemXib.swift */,
				94835B1C22D61BFA00493FD1 /* ItemXib.xib */,
			);
			path = "Xib files";
			sourceTree = "<group>";
		};
		AF199F9F68D4D63D5ABEA703 /* Frameworks */ = {
			isa = PBXGroup;
			children = (
				3701822A0480F2095F17D462 /* Pods_Winsure.framework */,
			);
			name = Frameworks;
			sourceTree = "<group>";
		};
		CB77F97FDB707C32FFB26C91 /* Pods */ = {
			isa = PBXGroup;
			children = (
				9C6DC13A25F159C1F73F003B /* Pods-Winsure.debug.xcconfig */,
				CC9F0F1F842D9284EB3CEE7D /* Pods-Winsure.release.xcconfig */,
			);
			path = Pods;
			sourceTree = "<group>";
		};
/* End PBXGroup section */

/* Begin PBXNativeTarget section */
		94F640DC22D23485007B68E2 /* Winsure */ = {
			isa = PBXNativeTarget;
			buildConfigurationList = 94F640F222D23486007B68E2 /* Build configuration list for PBXNativeTarget "Winsure" */;
			buildPhases = (
				E49299203E992DCDB4B2D011 /* [CP] Check Pods Manifest.lock */,
				94F640D922D23485007B68E2 /* Sources */,
				94F640DA22D23485007B68E2 /* Frameworks */,
				94F640DB22D23485007B68E2 /* Resources */,
				763E35665203772FD655BEF6 /* [CP] Embed Pods Frameworks */,
			);
			buildRules = (
			);
			dependencies = (
			);
			name = Winsure;
			productName = Winsure;
			productReference = 94F640DD22D23485007B68E2 /* Winsure.app */;
			productType = "com.apple.product-type.application";
		};
/* End PBXNativeTarget section */

/* Begin PBXProject section */
		94F640D522D23485007B68E2 /* Project object */ = {
			isa = PBXProject;
			attributes = {
				LastSwiftUpdateCheck = 1020;
				LastUpgradeCheck = 1020;
				ORGANIZATIONNAME = LionStone;
				TargetAttributes = {
					94F640DC22D23485007B68E2 = {
						CreatedOnToolsVersion = 10.2.1;
					};
				};
			};
			buildConfigurationList = 94F640D822D23485007B68E2 /* Build configuration list for PBXProject "Winsure" */;
			compatibilityVersion = "Xcode 9.3";
			developmentRegion = en;
			hasScannedForEncodings = 0;
			knownRegions = (
				en,
				Base,
			);
			mainGroup = 94F640D422D23485007B68E2;
			productRefGroup = 94F640DE22D23485007B68E2 /* Products */;
			projectDirPath = "";
			projectRoot = "";
			targets = (
				94F640DC22D23485007B68E2 /* Winsure */,
			);
		};
/* End PBXProject section */

/* Begin PBXResourcesBuildPhase section */
		94F640DB22D23485007B68E2 /* Resources */ = {
			isa = PBXResourcesBuildPhase;
			buildActionMask = 2147483647;
			files = (
				94835B1E22D61BFA00493FD1 /* ItemXib.xib in Resources */,
				94F640FA22D38B89007B68E2 /* LocationXib.xib in Resources */,
				94F640EE22D23486007B68E2 /* LaunchScreen.storyboard in Resources */,
				94F640EB22D23486007B68E2 /* Assets.xcassets in Resources */,
				94F640E622D23485007B68E2 /* Main.storyboard in Resources */,
			);
			runOnlyForDeploymentPostprocessing = 0;
		};
/* End PBXResourcesBuildPhase section */

/* Begin PBXShellScriptBuildPhase section */
		763E35665203772FD655BEF6 /* [CP] Embed Pods Frameworks */ = {
			isa = PBXShellScriptBuildPhase;
			buildActionMask = 2147483647;
			files = (
			);
			inputFileListPaths = (
			);
			inputPaths = (
				"${PODS_ROOT}/Target Support Files/Pods-Winsure/Pods-Winsure-frameworks.sh",
				"${BUILT_PRODUCTS_DIR}/CropViewController/CropViewController.framework",
				"${BUILT_PRODUCTS_DIR}/TextFieldEffects/TextFieldEffects.framework",
			);
			name = "[CP] Embed Pods Frameworks";
			outputFileListPaths = (
			);
			outputPaths = (
				"${TARGET_BUILD_DIR}/${FRAMEWORKS_FOLDER_PATH}/CropViewController.framework",
				"${TARGET_BUILD_DIR}/${FRAMEWORKS_FOLDER_PATH}/TextFieldEffects.framework",
			);
			runOnlyForDeploymentPostprocessing = 0;
			shellPath = /bin/sh;
			shellScript = "\"${PODS_ROOT}/Target Support Files/Pods-Winsure/Pods-Winsure-frameworks.sh\"\n";
			showEnvVarsInLog = 0;
		};
		E49299203E992DCDB4B2D011 /* [CP] Check Pods Manifest.lock */ = {
			isa = PBXShellScriptBuildPhase;
			buildActionMask = 2147483647;
			files = (
			);
			inputFileListPaths = (
			);
			inputPaths = (
				"${PODS_PODFILE_DIR_PATH}/Podfile.lock",
				"${PODS_ROOT}/Manifest.lock",
			);
			name = "[CP] Check Pods Manifest.lock";
			outputFileListPaths = (
			);
			outputPaths = (
				"$(DERIVED_FILE_DIR)/Pods-Winsure-checkManifestLockResult.txt",
			);
			runOnlyForDeploymentPostprocessing = 0;
			shellPath = /bin/sh;
			shellScript = "diff \"${PODS_PODFILE_DIR_PATH}/Podfile.lock\" \"${PODS_ROOT}/Manifest.lock\" > /dev/null\nif [ $? != 0 ] ; then\n    # print error to STDERR\n    echo \"error: The sandbox is not in sync with the Podfile.lock. Run 'pod install' or update your CocoaPods installation.\" >&2\n    exit 1\nfi\n# This output is used by Xcode 'outputs' to avoid re-running this script phase.\necho \"SUCCESS\" > \"${SCRIPT_OUTPUT_FILE_0}\"\n";
			showEnvVarsInLog = 0;
		};
/* End PBXShellScriptBuildPhase section */

/* Begin PBXSourcesBuildPhase section */
		94F640D922D23485007B68E2 /* Sources */ = {
			isa = PBXSourcesBuildPhase;
			buildActionMask = 2147483647;
			files = (
				948A5F4C22D4AB67002952B1 /* ItemsList.swift in Sources */,
				94F640F922D38B89007B68E2 /* LocationXib.swift in Sources */,
				94F640E322D23485007B68E2 /* Locations.swift in Sources */,
				94835B2022D6200300493FD1 /* ItemView.swift in Sources */,
				94835B2222D6355900493FD1 /* ItemCreate.swift in Sources */,
				948A5F4A22D4A79A002952B1 /* LocationCreate.swift in Sources */,
				94835B1D22D61BFA00493FD1 /* ItemXib.swift in Sources */,
				94F640E122D23485007B68E2 /* AppDelegate.swift in Sources */,
				94F640E922D23485007B68E2 /* Winsure.xcdatamodeld in Sources */,
			);
			runOnlyForDeploymentPostprocessing = 0;
		};
/* End PBXSourcesBuildPhase section */

/* Begin PBXVariantGroup section */
		94F640E422D23485007B68E2 /* Main.storyboard */ = {
			isa = PBXVariantGroup;
			children = (
				94F640E522D23485007B68E2 /* Base */,
			);
			name = Main.storyboard;
			sourceTree = "<group>";
		};
		94F640EC22D23486007B68E2 /* LaunchScreen.storyboard */ = {
			isa = PBXVariantGroup;
			children = (
				94F640ED22D23486007B68E2 /* Base */,
			);
			name = LaunchScreen.storyboard;
			sourceTree = "<group>";
		};
/* End PBXVariantGroup section */

/* Begin XCBuildConfiguration section */
		94F640F022D23486007B68E2 /* Debug */ = {
			isa = XCBuildConfiguration;
			buildSettings = {
				ALWAYS_SEARCH_USER_PATHS = NO;
				CLANG_ANALYZER_NONNULL = YES;
				CLANG_ANALYZER_NUMBER_OBJECT_CONVERSION = YES_AGGRESSIVE;
				CLANG_CXX_LANGUAGE_STANDARD = "gnu++14";
				CLANG_CXX_LIBRARY = "libc++";
				CLANG_ENABLE_MODULES = YES;
				CLANG_ENABLE_OBJC_ARC = YES;
				CLANG_ENABLE_OBJC_WEAK = YES;
				CLANG_WARN_BLOCK_CAPTURE_AUTORELEASING = YES;
				CLANG_WARN_BOOL_CONVERSION = YES;
				CLANG_WARN_COMMA = YES;
				CLANG_WARN_CONSTANT_CONVERSION = YES;
				CLANG_WARN_DEPRECATED_OBJC_IMPLEMENTATIONS = YES;
				CLANG_WARN_DIRECT_OBJC_ISA_USAGE = YES_ERROR;
				CLANG_WARN_DOCUMENTATION_COMMENTS = YES;
				CLANG_WARN_EMPTY_BODY = YES;
				CLANG_WARN_ENUM_CONVERSION = YES;
				CLANG_WARN_INFINITE_RECURSION = YES;
				CLANG_WARN_INT_CONVERSION = YES;
				CLANG_WARN_NON_LITERAL_NULL_CONVERSION = YES;
				CLANG_WARN_OBJC_IMPLICIT_RETAIN_SELF = YES;
				CLANG_WARN_OBJC_LITERAL_CONVERSION = YES;
				CLANG_WARN_OBJC_ROOT_CLASS = YES_ERROR;
				CLANG_WARN_RANGE_LOOP_ANALYSIS = YES;
				CLANG_WARN_STRICT_PROTOTYPES = YES;
				CLANG_WARN_SUSPICIOUS_MOVE = YES;
				CLANG_WARN_UNGUARDED_AVAILABILITY = YES_AGGRESSIVE;
				CLANG_WARN_UNREACHABLE_CODE = YES;
				CLANG_WARN__DUPLICATE_METHOD_MATCH = YES;
				CODE_SIGN_IDENTITY = "iPhone Developer";
				COPY_PHASE_STRIP = NO;
				DEBUG_INFORMATION_FORMAT = dwarf;
				ENABLE_STRICT_OBJC_MSGSEND = YES;
				ENABLE_TESTABILITY = YES;
				GCC_C_LANGUAGE_STANDARD = gnu11;
				GCC_DYNAMIC_NO_PIC = NO;
				GCC_NO_COMMON_BLOCKS = YES;
				GCC_OPTIMIZATION_LEVEL = 0;
				GCC_PREPROCESSOR_DEFINITIONS = (
					"DEBUG=1",
					"$(inherited)",
				);
				GCC_WARN_64_TO_32_BIT_CONVERSION = YES;
				GCC_WARN_ABOUT_RETURN_TYPE = YES_ERROR;
				GCC_WARN_UNDECLARED_SELECTOR = YES;
				GCC_WARN_UNINITIALIZED_AUTOS = YES_AGGRESSIVE;
				GCC_WARN_UNUSED_FUNCTION = YES;
				GCC_WARN_UNUSED_VARIABLE = YES;
				IPHONEOS_DEPLOYMENT_TARGET = 12.2;
				MTL_ENABLE_DEBUG_INFO = INCLUDE_SOURCE;
				MTL_FAST_MATH = YES;
				ONLY_ACTIVE_ARCH = YES;
				SDKROOT = iphoneos;
				SWIFT_ACTIVE_COMPILATION_CONDITIONS = DEBUG;
				SWIFT_OPTIMIZATION_LEVEL = "-Onone";
			};
			name = Debug;
		};
		94F640F122D23486007B68E2 /* Release */ = {
			isa = XCBuildConfiguration;
			buildSettings = {
				ALWAYS_SEARCH_USER_PATHS = NO;
				CLANG_ANALYZER_NONNULL = YES;
				CLANG_ANALYZER_NUMBER_OBJECT_CONVERSION = YES_AGGRESSIVE;
				CLANG_CXX_LANGUAGE_STANDARD = "gnu++14";
				CLANG_CXX_LIBRARY = "libc++";
				CLANG_ENABLE_MODULES = YES;
				CLANG_ENABLE_OBJC_ARC = YES;
				CLANG_ENABLE_OBJC_WEAK = YES;
				CLANG_WARN_BLOCK_CAPTURE_AUTORELEASING = YES;
				CLANG_WARN_BOOL_CONVERSION = YES;
				CLANG_WARN_COMMA = YES;
				CLANG_WARN_CONSTANT_CONVERSION = YES;
				CLANG_WARN_DEPRECATED_OBJC_IMPLEMENTATIONS = YES;
				CLANG_WARN_DIRECT_OBJC_ISA_USAGE = YES_ERROR;
				CLANG_WARN_DOCUMENTATION_COMMENTS = YES;
				CLANG_WARN_EMPTY_BODY = YES;
				CLANG_WARN_ENUM_CONVERSION = YES;
				CLANG_WARN_INFINITE_RECURSION = YES;
				CLANG_WARN_INT_CONVERSION = YES;
				CLANG_WARN_NON_LITERAL_NULL_CONVERSION = YES;
				CLANG_WARN_OBJC_IMPLICIT_RETAIN_SELF = YES;
				CLANG_WARN_OBJC_LITERAL_CONVERSION = YES;
				CLANG_WARN_OBJC_ROOT_CLASS = YES_ERROR;
				CLANG_WARN_RANGE_LOOP_ANALYSIS = YES;
				CLANG_WARN_STRICT_PROTOTYPES = YES;
				CLANG_WARN_SUSPICIOUS_MOVE = YES;
				CLANG_WARN_UNGUARDED_AVAILABILITY = YES_AGGRESSIVE;
				CLANG_WARN_UNREACHABLE_CODE = YES;
				CLANG_WARN__DUPLICATE_METHOD_MATCH = YES;
				CODE_SIGN_IDENTITY = "iPhone Developer";
				COPY_PHASE_STRIP = NO;
				DEBUG_INFORMATION_FORMAT = "dwarf-with-dsym";
				ENABLE_NS_ASSERTIONS = NO;
				ENABLE_STRICT_OBJC_MSGSEND = YES;
				GCC_C_LANGUAGE_STANDARD = gnu11;
				GCC_NO_COMMON_BLOCKS = YES;
				GCC_WARN_64_TO_32_BIT_CONVERSION = YES;
				GCC_WARN_ABOUT_RETURN_TYPE = YES_ERROR;
				GCC_WARN_UNDECLARED_SELECTOR = YES;
				GCC_WARN_UNINITIALIZED_AUTOS = YES_AGGRESSIVE;
				GCC_WARN_UNUSED_FUNCTION = YES;
				GCC_WARN_UNUSED_VARIABLE = YES;
				IPHONEOS_DEPLOYMENT_TARGET = 12.2;
				MTL_ENABLE_DEBUG_INFO = NO;
				MTL_FAST_MATH = YES;
				SDKROOT = iphoneos;
				SWIFT_COMPILATION_MODE = wholemodule;
				SWIFT_OPTIMIZATION_LEVEL = "-O";
				VALIDATE_PRODUCT = YES;
			};
			name = Release;
		};
		94F640F322D23486007B68E2 /* Debug */ = {
			isa = XCBuildConfiguration;
			baseConfigurationReference = 9C6DC13A25F159C1F73F003B /* Pods-Winsure.debug.xcconfig */;
			buildSettings = {
				ASSETCATALOG_COMPILER_APPICON_NAME = AppIcon;
				CODE_SIGN_STYLE = Automatic;
				DEVELOPMENT_TEAM = 3E65B2D9NB;
				INFOPLIST_FILE = Winsure/Info.plist;
				LD_RUNPATH_SEARCH_PATHS = (
					"$(inherited)",
					"@executable_path/Frameworks",
				);
				PRODUCT_BUNDLE_IDENTIFIER = LionStone.com.Winsure;
				PRODUCT_NAME = "$(TARGET_NAME)";
				SWIFT_VERSION = 5.0;
				TARGETED_DEVICE_FAMILY = "1,2";
			};
			name = Debug;
		};
		94F640F422D23486007B68E2 /* Release */ = {
			isa = XCBuildConfiguration;
			baseConfigurationReference = CC9F0F1F842D9284EB3CEE7D /* Pods-Winsure.release.xcconfig */;
			buildSettings = {
				ASSETCATALOG_COMPILER_APPICON_NAME = AppIcon;
				CODE_SIGN_STYLE = Automatic;
				DEVELOPMENT_TEAM = 3E65B2D9NB;
				INFOPLIST_FILE = Winsure/Info.plist;
				LD_RUNPATH_SEARCH_PATHS = (
					"$(inherited)",
					"@executable_path/Frameworks",
				);
				PRODUCT_BUNDLE_IDENTIFIER = LionStone.com.Winsure;
				PRODUCT_NAME = "$(TARGET_NAME)";
				SWIFT_VERSION = 5.0;
				TARGETED_DEVICE_FAMILY = "1,2";
			};
			name = Release;
		};
/* End XCBuildConfiguration section */

/* Begin XCConfigurationList section */
		94F640D822D23485007B68E2 /* Build configuration list for PBXProject "Winsure" */ = {
			isa = XCConfigurationList;
			buildConfigurations = (
				94F640F022D23486007B68E2 /* Debug */,
				94F640F122D23486007B68E2 /* Release */,
			);
			defaultConfigurationIsVisible = 0;
			defaultConfigurationName = Release;
		};
		94F640F222D23486007B68E2 /* Build configuration list for PBXNativeTarget "Winsure" */ = {
			isa = XCConfigurationList;
			buildConfigurations = (
				94F640F322D23486007B68E2 /* Debug */,
				94F640F422D23486007B68E2 /* Release */,
			);
			defaultConfigurationIsVisible = 0;
			defaultConfigurationName = Release;
		};
/* End XCConfigurationList section */

/* Begin XCVersionGroup section */
		94F640E722D23485007B68E2 /* Winsure.xcdatamodeld */ = {
			isa = XCVersionGroup;
			children = (
				94F640E822D23485007B68E2 /* Winsure.xcdatamodel */,
			);
			currentVersion = 94F640E822D23485007B68E2 /* Winsure.xcdatamodel */;
			path = Winsure.xcdatamodeld;
			sourceTree = "<group>";
			versionGroupType = wrapper.xcdatamodel;
		};
/* End XCVersionGroup section */
	};
	rootObject = 94F640D522D23485007B68E2 /* Project object */;
}
